// !$*UTF8*$!
{
	archiveVersion = 1;
	classes = {
	};
	objectVersion = 51;
	objects = {

/* Begin PBXBuildFile section */
		111A044322D4FB3D00D93262 /* PhotoViewController.swift in Sources */ = {isa = PBXBuildFile; fileRef = 111A044222D4FB3D00D93262 /* PhotoViewController.swift */; };
		111A044822D5F91600D93262 /* PredictionLayer.swift in Sources */ = {isa = PBXBuildFile; fileRef = 111A044722D5F91600D93262 /* PredictionLayer.swift */; };
		111A044C22D6253800D93262 /* Assets.xcassets in Resources */ = {isa = PBXBuildFile; fileRef = 111A044B22D6253800D93262 /* Assets.xcassets */; };
		111A8C3722E2015300F76A50 /* SettingsViewController.swift in Sources */ = {isa = PBXBuildFile; fileRef = 111A8C3622E2015300F76A50 /* SettingsViewController.swift */; };
		111A8C3922E20B2600F76A50 /* Settings.swift in Sources */ = {isa = PBXBuildFile; fileRef = 111A8C3822E20B2600F76A50 /* Settings.swift */; };
		111A8C3F22E706ED00F76A50 /* BBSmoother.swift in Sources */ = {isa = PBXBuildFile; fileRef = 111A8C3E22E706ED00F76A50 /* BBSmoother.swift */; };
		1132B4C822C633D500E7E509 /* AppDelegate.swift in Sources */ = {isa = PBXBuildFile; fileRef = 1132B4C722C633D500E7E509 /* AppDelegate.swift */; };
		1132B4D222C633D600E7E509 /* LaunchScreen.storyboard in Resources */ = {isa = PBXBuildFile; fileRef = 1132B4D022C633D600E7E509 /* LaunchScreen.storyboard */; };
		113F20C422D74AEA001837AD /* OnlineViewController.swift in Sources */ = {isa = PBXBuildFile; fileRef = 113F20C322D74AEA001837AD /* OnlineViewController.swift */; };
		1173E14B22CB3C5B00324100 /* ModelProvider.swift in Sources */ = {isa = PBXBuildFile; fileRef = 1173E14A22CB3C5B00324100 /* ModelProvider.swift */; };
		1173E17022CB909900324100 /* YOLO.swift in Sources */ = {isa = PBXBuildFile; fileRef = 1173E16F22CB909900324100 /* YOLO.swift */; };
		1173E17222CB940000324100 /* YOLOError.swift in Sources */ = {isa = PBXBuildFile; fileRef = 1173E17122CB940000324100 /* YOLOError.swift */; };
		2A5077ED2380314100C9EAB3 /* DroneViewController.swift in Sources */ = {isa = PBXBuildFile; fileRef = 2A5077EC2380314100C9EAB3 /* DroneViewController.swift */; };
		66FFA1F328AFC07900EF1A04 /* Colors.swift in Sources */ = {isa = PBXBuildFile; fileRef = 66FFA1F228AFC07900EF1A04 /* Colors.swift */; };
		66FFA20028AFC26900EF1A04 /* TrackerJsRunner.swift in Sources */ = {isa = PBXBuildFile; fileRef = 66FFA1FF28AFC26900EF1A04 /* TrackerJsRunner.swift */; };
		66FFA20228AFC28900EF1A04 /* UIImageExtension.swift in Sources */ = {isa = PBXBuildFile; fileRef = 66FFA20128AFC28900EF1A04 /* UIImageExtension.swift */; };
		66FFA20428AFC29F00EF1A04 /* VideoPlayer.swift in Sources */ = {isa = PBXBuildFile; fileRef = 66FFA20328AFC29F00EF1A04 /* VideoPlayer.swift */; };
		66FFA20C28AFC2EB00EF1A04 /* scripts.js in Resources */ = {isa = PBXBuildFile; fileRef = 66FFA20A28AFC2EB00EF1A04 /* scripts.js */; };
		66FFA20D28AFC2EB00EF1A04 /* trackerLib.js in Resources */ = {isa = PBXBuildFile; fileRef = 66FFA20B28AFC2EB00EF1A04 /* trackerLib.js */; };
		9F0324A52800338200CB9DEE /* yolo-ants.mlpackage in Sources */ = {isa = PBXBuildFile; fileRef = 9F03249E2800338200CB9DEE /* yolo-ants.mlpackage */; };
		9F30AF2E27FAD8AA007F2A4C /* yolov4-mish-416.mlpackage in Sources */ = {isa = PBXBuildFile; fileRef = 9F30AF2727FAD8AA007F2A4C /* yolov4-mish-416.mlpackage */; };
		9F3DD9642385AF00003D3094 /* wifi.swift in Sources */ = {isa = PBXBuildFile; fileRef = 9F3DD9632385AF00003D3094 /* wifi.swift */; };
		9F3DD9662385B20B003D3094 /* Tello.swift in Sources */ = {isa = PBXBuildFile; fileRef = 9F3DD9652385B20B003D3094 /* Tello.swift */; };
		9F4AC5D223B4A6B70014C9C8 /* H254Decoder.swift in Sources */ = {isa = PBXBuildFile; fileRef = 9F4AC5D123B4A6B70014C9C8 /* H254Decoder.swift */; };
		9F4AC5D623B4B3300014C9C8 /* AVJoyStick.swift in Sources */ = {isa = PBXBuildFile; fileRef = 9F4AC5D523B4B3300014C9C8 /* AVJoyStick.swift */; };
		9F542DB227FB48F600470C02 /* yolov4-tiny.mlpackage in Sources */ = {isa = PBXBuildFile; fileRef = 9F542DAB27FB48F500470C02 /* yolov4-tiny.mlpackage */; };
		C4692403DFDD7AE6C5C9D26E /* Pods_yolo_tcar.framework in Frameworks */ = {isa = PBXBuildFile; fileRef = 65C52834356E97B37C51419C /* Pods_yolo_tcar.framework */; };
		E1ECB66223E75C8C00743FC4 /* Main.storyboard in Resources */ = {isa = PBXBuildFile; fileRef = E1ECB66123E75C8B00743FC4 /* Main.storyboard */; };
/* End PBXBuildFile section */

/* Begin PBXContainerItemProxy section */
		66FFA21328AFC4DD00EF1A04 /* PBXContainerItemProxy */ = {
			isa = PBXContainerItemProxy;
			containerPortal = 66FFA20E28AFC4DD00EF1A04 /* Pods.xcodeproj */;
			proxyType = 2;
			remoteGlobalIDString = EC0BB6DFB76C26D335E8035B48D42AEA;
			remoteInfo = "Pods-yolo_tcar";
		};
		66FFA21528AFC4DD00EF1A04 /* PBXContainerItemProxy */ = {
			isa = PBXContainerItemProxy;
			containerPortal = 66FFA20E28AFC4DD00EF1A04 /* Pods.xcodeproj */;
			proxyType = 2;
			remoteGlobalIDString = 3A59C9FE3D98CF2152E03CFA05A85BFC;
			remoteInfo = SwiftSocket;
		};
/* End PBXContainerItemProxy section */

/* Begin PBXFileReference section */
		111A044222D4FB3D00D93262 /* PhotoViewController.swift */ = {isa = PBXFileReference; lastKnownFileType = sourcecode.swift; path = PhotoViewController.swift; sourceTree = "<group>"; };
		111A044722D5F91600D93262 /* PredictionLayer.swift */ = {isa = PBXFileReference; lastKnownFileType = sourcecode.swift; path = PredictionLayer.swift; sourceTree = "<group>"; };
		111A044B22D6253800D93262 /* Assets.xcassets */ = {isa = PBXFileReference; lastKnownFileType = folder.assetcatalog; path = Assets.xcassets; sourceTree = "<group>"; };
		111A8C3622E2015300F76A50 /* SettingsViewController.swift */ = {isa = PBXFileReference; lastKnownFileType = sourcecode.swift; path = SettingsViewController.swift; sourceTree = "<group>"; };
		111A8C3822E20B2600F76A50 /* Settings.swift */ = {isa = PBXFileReference; lastKnownFileType = sourcecode.swift; path = Settings.swift; sourceTree = "<group>"; };
		111A8C3E22E706ED00F76A50 /* BBSmoother.swift */ = {isa = PBXFileReference; lastKnownFileType = sourcecode.swift; path = BBSmoother.swift; sourceTree = "<group>"; };
		1132B4C422C633D400E7E509 /* yolo_tcar.app */ = {isa = PBXFileReference; explicitFileType = wrapper.application; includeInIndex = 0; path = yolo_tcar.app; sourceTree = BUILT_PRODUCTS_DIR; };
		1132B4C722C633D500E7E509 /* AppDelegate.swift */ = {isa = PBXFileReference; lastKnownFileType = sourcecode.swift; path = AppDelegate.swift; sourceTree = "<group>"; };
		1132B4D122C633D600E7E509 /* Base */ = {isa = PBXFileReference; lastKnownFileType = file.storyboard; name = Base; path = Base.lproj/LaunchScreen.storyboard; sourceTree = "<group>"; };
		1132B4D322C633D600E7E509 /* Info.plist */ = {isa = PBXFileReference; lastKnownFileType = text.plist.xml; path = Info.plist; sourceTree = "<group>"; };
		113F20C322D74AEA001837AD /* OnlineViewController.swift */ = {isa = PBXFileReference; lastKnownFileType = sourcecode.swift; path = OnlineViewController.swift; sourceTree = "<group>"; };
		1173E14A22CB3C5B00324100 /* ModelProvider.swift */ = {isa = PBXFileReference; lastKnownFileType = sourcecode.swift; path = ModelProvider.swift; sourceTree = "<group>"; };
		1173E16F22CB909900324100 /* YOLO.swift */ = {isa = PBXFileReference; lastKnownFileType = sourcecode.swift; path = YOLO.swift; sourceTree = "<group>"; };
		1173E17122CB940000324100 /* YOLOError.swift */ = {isa = PBXFileReference; lastKnownFileType = sourcecode.swift; path = YOLOError.swift; sourceTree = "<group>"; };
		2A5077EC2380314100C9EAB3 /* DroneViewController.swift */ = {isa = PBXFileReference; fileEncoding = 4; lastKnownFileType = sourcecode.swift; path = DroneViewController.swift; sourceTree = "<group>"; };
		5E9B8FBACEF9C8433C68447F /* Pods-yolo_tcar.release.xcconfig */ = {isa = PBXFileReference; includeInIndex = 1; lastKnownFileType = text.xcconfig; name = "Pods-yolo_tcar.release.xcconfig"; path = "Target Support Files/Pods-yolo_tcar/Pods-yolo_tcar.release.xcconfig"; sourceTree = "<group>"; };
		65C52834356E97B37C51419C /* Pods_yolo_tcar.framework */ = {isa = PBXFileReference; explicitFileType = wrapper.framework; includeInIndex = 0; path = Pods_yolo_tcar.framework; sourceTree = BUILT_PRODUCTS_DIR; };
		66FFA1F228AFC07900EF1A04 /* Colors.swift */ = {isa = PBXFileReference; fileEncoding = 4; lastKnownFileType = sourcecode.swift; path = Colors.swift; sourceTree = "<group>"; };
		66FFA1FF28AFC26900EF1A04 /* TrackerJsRunner.swift */ = {isa = PBXFileReference; lastKnownFileType = sourcecode.swift; path = TrackerJsRunner.swift; sourceTree = "<group>"; };
		66FFA20128AFC28900EF1A04 /* UIImageExtension.swift */ = {isa = PBXFileReference; lastKnownFileType = sourcecode.swift; path = UIImageExtension.swift; sourceTree = "<group>"; };
		66FFA20328AFC29F00EF1A04 /* VideoPlayer.swift */ = {isa = PBXFileReference; lastKnownFileType = sourcecode.swift; path = VideoPlayer.swift; sourceTree = "<group>"; };
		66FFA20A28AFC2EB00EF1A04 /* scripts.js */ = {isa = PBXFileReference; fileEncoding = 4; lastKnownFileType = sourcecode.javascript; path = scripts.js; sourceTree = "<group>"; };
		66FFA20B28AFC2EB00EF1A04 /* trackerLib.js */ = {isa = PBXFileReference; fileEncoding = 4; lastKnownFileType = sourcecode.javascript; path = trackerLib.js; sourceTree = "<group>"; };
		66FFA20E28AFC4DD00EF1A04 /* Pods.xcodeproj */ = {isa = PBXFileReference; lastKnownFileType = "wrapper.pb-project"; path = Pods.xcodeproj; sourceTree = "<group>"; };
		9F03249E2800338200CB9DEE /* yolo-ants.mlpackage */ = {isa = PBXFileReference; lastKnownFileType = folder.mlpackage; name = "yolo-ants.mlpackage"; path = "../../convertion_service_tcar/output_models/yolo-ants/yolo-ants.mlpackage"; sourceTree = "<group>"; };
		9F30AF2727FAD8AA007F2A4C /* yolov4-mish-416.mlpackage */ = {isa = PBXFileReference; lastKnownFileType = folder.mlpackage; name = "yolov4-mish-416.mlpackage"; path = "../../convertion_service_tcar/output_models/yolov4-mish-416/yolov4-mish-416.mlpackage"; sourceTree = "<group>"; };
		9F3DD9632385AF00003D3094 /* wifi.swift */ = {isa = PBXFileReference; lastKnownFileType = sourcecode.swift; path = wifi.swift; sourceTree = "<group>"; };
		9F3DD9652385B20B003D3094 /* Tello.swift */ = {isa = PBXFileReference; lastKnownFileType = sourcecode.swift; path = Tello.swift; sourceTree = "<group>"; };
		9F4AC5D123B4A6B70014C9C8 /* H254Decoder.swift */ = {isa = PBXFileReference; fileEncoding = 4; lastKnownFileType = sourcecode.swift; path = H254Decoder.swift; sourceTree = "<group>"; };
		9F4AC5D523B4B3300014C9C8 /* AVJoyStick.swift */ = {isa = PBXFileReference; lastKnownFileType = sourcecode.swift; path = AVJoyStick.swift; sourceTree = "<group>"; };
		9F542DAB27FB48F500470C02 /* yolov4-tiny.mlpackage */ = {isa = PBXFileReference; lastKnownFileType = folder.mlpackage; name = "yolov4-tiny.mlpackage"; path = "../../convertion_service_tcar/output_models/yolov4-tiny/yolov4-tiny.mlpackage"; sourceTree = "<group>"; };
		A6C1899E6AC1E823D0833AED /* Pods-yolo_tcar.debug.xcconfig */ = {isa = PBXFileReference; includeInIndex = 1; lastKnownFileType = text.xcconfig; name = "Pods-yolo_tcar.debug.xcconfig"; path = "Target Support Files/Pods-yolo_tcar/Pods-yolo_tcar.debug.xcconfig"; sourceTree = "<group>"; };
		E1B0751A23B909F300AE06B9 /* yolo_tcar.entitlements */ = {isa = PBXFileReference; lastKnownFileType = text.plist.entitlements; path = yolo_tcar.entitlements; sourceTree = "<group>"; };
		E1ECB66123E75C8B00743FC4 /* Main.storyboard */ = {isa = PBXFileReference; fileEncoding = 4; lastKnownFileType = file.storyboard; path = Main.storyboard; sourceTree = "<group>"; };
/* End PBXFileReference section */

/* Begin PBXFrameworksBuildPhase section */
		1132B4C122C633D400E7E509 /* Frameworks */ = {
			isa = PBXFrameworksBuildPhase;
			buildActionMask = 2147483647;
			files = (
				C4692403DFDD7AE6C5C9D26E /* Pods_yolo_tcar.framework in Frameworks */,
			);
			runOnlyForDeploymentPostprocessing = 0;
		};
/* End PBXFrameworksBuildPhase section */

/* Begin PBXGroup section */
		111A044522D5F87B00D93262 /* ViewControllers */ = {
			isa = PBXGroup;
			children = (
				2A5077EC2380314100C9EAB3 /* DroneViewController.swift */,
				111A044222D4FB3D00D93262 /* PhotoViewController.swift */,
				113F20C322D74AEA001837AD /* OnlineViewController.swift */,
				111A8C3622E2015300F76A50 /* SettingsViewController.swift */,
			);
			path = ViewControllers;
			sourceTree = "<group>";
		};
		111A044622D5F8AC00D93262 /* Model */ = {
			isa = PBXGroup;
			children = (
				66FFA1F228AFC07900EF1A04 /* Colors.swift */,
				1173E14A22CB3C5B00324100 /* ModelProvider.swift */,
				1173E16F22CB909900324100 /* YOLO.swift */,
				1173E17122CB940000324100 /* YOLOError.swift */,
				111A044722D5F91600D93262 /* PredictionLayer.swift */,
				111A8C3E22E706ED00F76A50 /* BBSmoother.swift */,
			);
			path = Model;
			sourceTree = "<group>";
		};
		1132B4BB22C633D400E7E509 = {
			isa = PBXGroup;
			children = (
				66FFA20E28AFC4DD00EF1A04 /* Pods.xcodeproj */,
				1132B4C622C633D400E7E509 /* yolo_tcar */,
				1132B4C522C633D400E7E509 /* Products */,
				4DE49E4EA643C58E7723759A /* Pods */,
				6BC679396FC3F4EE0E44C488 /* Frameworks */,
			);
			indentWidth = 2;
			sourceTree = "<group>";
			tabWidth = 2;
			usesTabs = 0;
			wrapsLines = 0;
		};
		1132B4C522C633D400E7E509 /* Products */ = {
			isa = PBXGroup;
			children = (
				1132B4C422C633D400E7E509 /* yolo_tcar.app */,
			);
			name = Products;
			sourceTree = "<group>";
		};
		1132B4C622C633D400E7E509 /* yolo_tcar */ = {
			isa = PBXGroup;
			children = (
				66FFA1FC28AFC20E00EF1A04 /* Helpers */,
				E1B0751A23B909F300AE06B9 /* yolo_tcar.entitlements */,
				9F3DD9622385AEEA003D3094 /* Drone */,
				113F20C222D74A69001837AD /* MLModels */,
				111A044622D5F8AC00D93262 /* Model */,
				111A044522D5F87B00D93262 /* ViewControllers */,
				1132B4C722C633D500E7E509 /* AppDelegate.swift */,
				111A8C3822E20B2600F76A50 /* Settings.swift */,
				1132B4D022C633D600E7E509 /* LaunchScreen.storyboard */,
				111A044B22D6253800D93262 /* Assets.xcassets */,
				E1ECB66123E75C8B00743FC4 /* Main.storyboard */,
				1132B4D322C633D600E7E509 /* Info.plist */,
			);
			path = yolo_tcar;
			sourceTree = "<group>";
		};
		113F20C222D74A69001837AD /* MLModels */ = {
			isa = PBXGroup;
			children = (
				9F542DAB27FB48F500470C02 /* yolov4-tiny.mlpackage */,
				9F30AF2727FAD8AA007F2A4C /* yolov4-mish-416.mlpackage */,
				9F03249E2800338200CB9DEE /* yolo-ants.mlpackage */,
			);
			name = MLModels;
			sourceTree = "<group>";
		};
		4DE49E4EA643C58E7723759A /* Pods */ = {
			isa = PBXGroup;
			children = (
				A6C1899E6AC1E823D0833AED /* Pods-yolo_tcar.debug.xcconfig */,
				5E9B8FBACEF9C8433C68447F /* Pods-yolo_tcar.release.xcconfig */,
			);
			path = Pods;
			sourceTree = "<group>";
		};
		66FFA1FC28AFC20E00EF1A04 /* Helpers */ = {
			isa = PBXGroup;
			children = (
				66FFA20528AFC2AC00EF1A04 /* JsScripts */,
				66FFA1FF28AFC26900EF1A04 /* TrackerJsRunner.swift */,
				66FFA20128AFC28900EF1A04 /* UIImageExtension.swift */,
				66FFA20328AFC29F00EF1A04 /* VideoPlayer.swift */,
			);
			path = Helpers;
			sourceTree = "<group>";
		};
		66FFA20528AFC2AC00EF1A04 /* JsScripts */ = {
			isa = PBXGroup;
			children = (
				66FFA20A28AFC2EB00EF1A04 /* scripts.js */,
				66FFA20B28AFC2EB00EF1A04 /* trackerLib.js */,
			);
			path = JsScripts;
			sourceTree = "<group>";
		};
		66FFA20F28AFC4DD00EF1A04 /* Products */ = {
			isa = PBXGroup;
			children = (
				66FFA21428AFC4DD00EF1A04 /* Pods_yolo_tcar.framework */,
				66FFA21628AFC4DD00EF1A04 /* SwiftSocket.framework */,
			);
			name = Products;
			sourceTree = "<group>";
		};
		6BC679396FC3F4EE0E44C488 /* Frameworks */ = {
			isa = PBXGroup;
			children = (
				65C52834356E97B37C51419C /* Pods_yolo_tcar.framework */,
			);
			name = Frameworks;
			sourceTree = "<group>";
		};
		9F3DD9622385AEEA003D3094 /* Drone */ = {
			isa = PBXGroup;
			children = (
				9F4AC5D123B4A6B70014C9C8 /* H254Decoder.swift */,
				9F3DD9632385AF00003D3094 /* wifi.swift */,
				9F3DD9652385B20B003D3094 /* Tello.swift */,
				9F4AC5D523B4B3300014C9C8 /* AVJoyStick.swift */,
			);
			path = Drone;
			sourceTree = "<group>";
		};
/* End PBXGroup section */

/* Begin PBXNativeTarget section */
		1132B4C322C633D400E7E509 /* yolo_tcar */ = {
			isa = PBXNativeTarget;
			buildConfigurationList = 1132B4D622C633D600E7E509 /* Build configuration list for PBXNativeTarget "yolo_tcar" */;
			buildPhases = (
				A2D4000F40D373DDB3126B19 /* [CP] Check Pods Manifest.lock */,
				1132B4C022C633D400E7E509 /* Sources */,
				1132B4C122C633D400E7E509 /* Frameworks */,
				1132B4C222C633D400E7E509 /* Resources */,
				8520C19CFEFFA1BA4DF5A633 /* [CP] Embed Pods Frameworks */,
			);
			buildRules = (
			);
			dependencies = (
			);
			name = yolo_tcar;
			productName = yolov3;
			productReference = 1132B4C422C633D400E7E509 /* yolo_tcar.app */;
			productType = "com.apple.product-type.application";
		};
/* End PBXNativeTarget section */

/* Begin PBXProject section */
		1132B4BC22C633D400E7E509 /* Project object */ = {
			isa = PBXProject;
			attributes = {
				LastSwiftUpdateCheck = 1020;
				LastUpgradeCheck = 1310;
				ORGANIZATIONNAME = dmytro_yolo_tcar;
				TargetAttributes = {
					1132B4C322C633D400E7E509 = {
						CreatedOnToolsVersion = 10.2.1;
					};
				};
			};
			buildConfigurationList = 1132B4BF22C633D400E7E509 /* Build configuration list for PBXProject "yolo_tcar" */;
			compatibilityVersion = "Xcode 9.3";
			developmentRegion = en;
			hasScannedForEncodings = 0;
			knownRegions = (
				en,
				Base,
			);
			mainGroup = 1132B4BB22C633D400E7E509;
			productRefGroup = 1132B4C522C633D400E7E509 /* Products */;
			projectDirPath = "";
			projectReferences = (
				{
					ProductGroup = 66FFA20F28AFC4DD00EF1A04 /* Products */;
					ProjectRef = 66FFA20E28AFC4DD00EF1A04 /* Pods.xcodeproj */;
				},
			);
			projectRoot = "";
			targets = (
				1132B4C322C633D400E7E509 /* yolo_tcar */,
			);
		};
/* End PBXProject section */

/* Begin PBXReferenceProxy section */
		66FFA21428AFC4DD00EF1A04 /* Pods_yolo_tcar.framework */ = {
			isa = PBXReferenceProxy;
			fileType = wrapper.framework;
			path = Pods_yolo_tcar.framework;
			remoteRef = 66FFA21328AFC4DD00EF1A04 /* PBXContainerItemProxy */;
			sourceTree = BUILT_PRODUCTS_DIR;
		};
		66FFA21628AFC4DD00EF1A04 /* SwiftSocket.framework */ = {
			isa = PBXReferenceProxy;
			fileType = wrapper.framework;
			path = SwiftSocket.framework;
			remoteRef = 66FFA21528AFC4DD00EF1A04 /* PBXContainerItemProxy */;
			sourceTree = BUILT_PRODUCTS_DIR;
		};
/* End PBXReferenceProxy section */

/* Begin PBXResourcesBuildPhase section */
		1132B4C222C633D400E7E509 /* Resources */ = {
			isa = PBXResourcesBuildPhase;
			buildActionMask = 2147483647;
			files = (
				E1ECB66223E75C8C00743FC4 /* Main.storyboard in Resources */,
				66FFA20C28AFC2EB00EF1A04 /* scripts.js in Resources */,
				1132B4D222C633D600E7E509 /* LaunchScreen.storyboard in Resources */,
				66FFA20D28AFC2EB00EF1A04 /* trackerLib.js in Resources */,
				111A044C22D6253800D93262 /* Assets.xcassets in Resources */,
			);
			runOnlyForDeploymentPostprocessing = 0;
		};
/* End PBXResourcesBuildPhase section */

/* Begin PBXShellScriptBuildPhase section */
		8520C19CFEFFA1BA4DF5A633 /* [CP] Embed Pods Frameworks */ = {
			isa = PBXShellScriptBuildPhase;
			buildActionMask = 2147483647;
			files = (
			);
			inputFileListPaths = (
				"${PODS_ROOT}/Target Support Files/Pods-yolo_tcar/Pods-yolo_tcar-frameworks-${CONFIGURATION}-input-files.xcfilelist",
			);
			name = "[CP] Embed Pods Frameworks";
			outputFileListPaths = (
				"${PODS_ROOT}/Target Support Files/Pods-yolo_tcar/Pods-yolo_tcar-frameworks-${CONFIGURATION}-output-files.xcfilelist",
			);
			runOnlyForDeploymentPostprocessing = 0;
			shellPath = /bin/sh;
			shellScript = "\"${PODS_ROOT}/Target Support Files/Pods-yolo_tcar/Pods-yolo_tcar-frameworks.sh\"\n";
			showEnvVarsInLog = 0;
		};
		A2D4000F40D373DDB3126B19 /* [CP] Check Pods Manifest.lock */ = {
			isa = PBXShellScriptBuildPhase;
			buildActionMask = 2147483647;
			files = (
			);
			inputFileListPaths = (
			);
			inputPaths = (
				"${PODS_PODFILE_DIR_PATH}/Podfile.lock",
				"${PODS_ROOT}/Manifest.lock",
			);
			name = "[CP] Check Pods Manifest.lock";
			outputFileListPaths = (
			);
			outputPaths = (
				"$(DERIVED_FILE_DIR)/Pods-yolo_tcar-checkManifestLockResult.txt",
			);
			runOnlyForDeploymentPostprocessing = 0;
			shellPath = /bin/sh;
			shellScript = "diff \"${PODS_PODFILE_DIR_PATH}/Podfile.lock\" \"${PODS_ROOT}/Manifest.lock\" > /dev/null\nif [ $? != 0 ] ; then\n    # print error to STDERR\n    echo \"error: The sandbox is not in sync with the Podfile.lock. Run 'pod install' or update your CocoaPods installation.\" >&2\n    exit 1\nfi\n# This output is used by Xcode 'outputs' to avoid re-running this script phase.\necho \"SUCCESS\" > \"${SCRIPT_OUTPUT_FILE_0}\"\n";
			showEnvVarsInLog = 0;
		};
/* End PBXShellScriptBuildPhase section */

/* Begin PBXSourcesBuildPhase section */
		1132B4C022C633D400E7E509 /* Sources */ = {
			isa = PBXSourcesBuildPhase;
			buildActionMask = 2147483647;
			files = (
				9F542DB227FB48F600470C02 /* yolov4-tiny.mlpackage in Sources */,
				9F30AF2E27FAD8AA007F2A4C /* yolov4-mish-416.mlpackage in Sources */,
				66FFA20228AFC28900EF1A04 /* UIImageExtension.swift in Sources */,
				111A8C3922E20B2600F76A50 /* Settings.swift in Sources */,
				1132B4C822C633D500E7E509 /* AppDelegate.swift in Sources */,
				9F3DD9642385AF00003D3094 /* wifi.swift in Sources */,
				1173E14B22CB3C5B00324100 /* ModelProvider.swift in Sources */,
				111A044822D5F91600D93262 /* PredictionLayer.swift in Sources */,
				66FFA20028AFC26900EF1A04 /* TrackerJsRunner.swift in Sources */,
				111A044322D4FB3D00D93262 /* PhotoViewController.swift in Sources */,
				9F0324A52800338200CB9DEE /* yolo-ants.mlpackage in Sources */,
				1173E17022CB909900324100 /* YOLO.swift in Sources */,
				113F20C422D74AEA001837AD /* OnlineViewController.swift in Sources */,
				9F3DD9662385B20B003D3094 /* Tello.swift in Sources */,
				66FFA1F328AFC07900EF1A04 /* Colors.swift in Sources */,
				2A5077ED2380314100C9EAB3 /* DroneViewController.swift in Sources */,
				111A8C3F22E706ED00F76A50 /* BBSmoother.swift in Sources */,
				1173E17222CB940000324100 /* YOLOError.swift in Sources */,
				111A8C3722E2015300F76A50 /* SettingsViewController.swift in Sources */,
				9F4AC5D623B4B3300014C9C8 /* AVJoyStick.swift in Sources */,
				66FFA20428AFC29F00EF1A04 /* VideoPlayer.swift in Sources */,
				9F4AC5D223B4A6B70014C9C8 /* H254Decoder.swift in Sources */,
			);
			runOnlyForDeploymentPostprocessing = 0;
		};
/* End PBXSourcesBuildPhase section */

/* Begin PBXVariantGroup section */
		1132B4D022C633D600E7E509 /* LaunchScreen.storyboard */ = {
			isa = PBXVariantGroup;
			children = (
				1132B4D122C633D600E7E509 /* Base */,
			);
			name = LaunchScreen.storyboard;
			sourceTree = "<group>";
		};
/* End PBXVariantGroup section */

/* Begin XCBuildConfiguration section */
		1132B4D422C633D600E7E509 /* Debug */ = {
			isa = XCBuildConfiguration;
			buildSettings = {
				ALWAYS_SEARCH_USER_PATHS = NO;
				CLANG_ANALYZER_NONNULL = YES;
				CLANG_ANALYZER_NUMBER_OBJECT_CONVERSION = YES_AGGRESSIVE;
				CLANG_CXX_LANGUAGE_STANDARD = "gnu++14";
				CLANG_CXX_LIBRARY = "libc++";
				CLANG_ENABLE_MODULES = YES;
				CLANG_ENABLE_OBJC_ARC = YES;
				CLANG_ENABLE_OBJC_WEAK = YES;
				CLANG_WARN_BLOCK_CAPTURE_AUTORELEASING = YES;
				CLANG_WARN_BOOL_CONVERSION = YES;
				CLANG_WARN_COMMA = YES;
				CLANG_WARN_CONSTANT_CONVERSION = YES;
				CLANG_WARN_DEPRECATED_OBJC_IMPLEMENTATIONS = YES;
				CLANG_WARN_DIRECT_OBJC_ISA_USAGE = YES_ERROR;
				CLANG_WARN_DOCUMENTATION_COMMENTS = YES;
				CLANG_WARN_EMPTY_BODY = YES;
				CLANG_WARN_ENUM_CONVERSION = YES;
				CLANG_WARN_INFINITE_RECURSION = YES;
				CLANG_WARN_INT_CONVERSION = YES;
				CLANG_WARN_NON_LITERAL_NULL_CONVERSION = YES;
				CLANG_WARN_OBJC_IMPLICIT_RETAIN_SELF = YES;
				CLANG_WARN_OBJC_LITERAL_CONVERSION = YES;
				CLANG_WARN_OBJC_ROOT_CLASS = YES_ERROR;
				CLANG_WARN_QUOTED_INCLUDE_IN_FRAMEWORK_HEADER = YES;
				CLANG_WARN_RANGE_LOOP_ANALYSIS = YES;
				CLANG_WARN_STRICT_PROTOTYPES = YES;
				CLANG_WARN_SUSPICIOUS_MOVE = YES;
				CLANG_WARN_UNGUARDED_AVAILABILITY = YES_AGGRESSIVE;
				CLANG_WARN_UNREACHABLE_CODE = YES;
				CLANG_WARN__DUPLICATE_METHOD_MATCH = YES;
				CODE_SIGN_IDENTITY = "iPhone Developer";
				COPY_PHASE_STRIP = NO;
				DEBUG_INFORMATION_FORMAT = dwarf;
				ENABLE_STRICT_OBJC_MSGSEND = YES;
				ENABLE_TESTABILITY = YES;
				GCC_C_LANGUAGE_STANDARD = gnu11;
				GCC_DYNAMIC_NO_PIC = NO;
				GCC_NO_COMMON_BLOCKS = YES;
				GCC_OPTIMIZATION_LEVEL = 0;
				GCC_PREPROCESSOR_DEFINITIONS = (
					"DEBUG=1",
					"$(inherited)",
				);
				GCC_WARN_64_TO_32_BIT_CONVERSION = YES;
				GCC_WARN_ABOUT_RETURN_TYPE = YES_ERROR;
				GCC_WARN_UNDECLARED_SELECTOR = YES;
				GCC_WARN_UNINITIALIZED_AUTOS = YES_AGGRESSIVE;
				GCC_WARN_UNUSED_FUNCTION = YES;
				GCC_WARN_UNUSED_VARIABLE = YES;
				IPHONEOS_DEPLOYMENT_TARGET = 15.0;
				MTL_ENABLE_DEBUG_INFO = INCLUDE_SOURCE;
				MTL_FAST_MATH = YES;
				ONLY_ACTIVE_ARCH = YES;
				SDKROOT = iphoneos;
				SWIFT_ACTIVE_COMPILATION_CONDITIONS = DEBUG;
				SWIFT_OPTIMIZATION_LEVEL = "-Onone";
			};
			name = Debug;
		};
		1132B4D522C633D600E7E509 /* Release */ = {
			isa = XCBuildConfiguration;
			buildSettings = {
				ALWAYS_SEARCH_USER_PATHS = NO;
				CLANG_ANALYZER_NONNULL = YES;
				CLANG_ANALYZER_NUMBER_OBJECT_CONVERSION = YES_AGGRESSIVE;
				CLANG_CXX_LANGUAGE_STANDARD = "gnu++14";
				CLANG_CXX_LIBRARY = "libc++";
				CLANG_ENABLE_MODULES = YES;
				CLANG_ENABLE_OBJC_ARC = YES;
				CLANG_ENABLE_OBJC_WEAK = YES;
				CLANG_WARN_BLOCK_CAPTURE_AUTORELEASING = YES;
				CLANG_WARN_BOOL_CONVERSION = YES;
				CLANG_WARN_COMMA = YES;
				CLANG_WARN_CONSTANT_CONVERSION = YES;
				CLANG_WARN_DEPRECATED_OBJC_IMPLEMENTATIONS = YES;
				CLANG_WARN_DIRECT_OBJC_ISA_USAGE = YES_ERROR;
				CLANG_WARN_DOCUMENTATION_COMMENTS = YES;
				CLANG_WARN_EMPTY_BODY = YES;
				CLANG_WARN_ENUM_CONVERSION = YES;
				CLANG_WARN_INFINITE_RECURSION = YES;
				CLANG_WARN_INT_CONVERSION = YES;
				CLANG_WARN_NON_LITERAL_NULL_CONVERSION = YES;
				CLANG_WARN_OBJC_IMPLICIT_RETAIN_SELF = YES;
				CLANG_WARN_OBJC_LITERAL_CONVERSION = YES;
				CLANG_WARN_OBJC_ROOT_CLASS = YES_ERROR;
				CLANG_WARN_QUOTED_INCLUDE_IN_FRAMEWORK_HEADER = YES;
				CLANG_WARN_RANGE_LOOP_ANALYSIS = YES;
				CLANG_WARN_STRICT_PROTOTYPES = YES;
				CLANG_WARN_SUSPICIOUS_MOVE = YES;
				CLANG_WARN_UNGUARDED_AVAILABILITY = YES_AGGRESSIVE;
				CLANG_WARN_UNREACHABLE_CODE = YES;
				CLANG_WARN__DUPLICATE_METHOD_MATCH = YES;
				CODE_SIGN_IDENTITY = "iPhone Developer";
				COPY_PHASE_STRIP = NO;
				DEBUG_INFORMATION_FORMAT = "dwarf-with-dsym";
				ENABLE_NS_ASSERTIONS = NO;
				ENABLE_STRICT_OBJC_MSGSEND = YES;
				GCC_C_LANGUAGE_STANDARD = gnu11;
				GCC_NO_COMMON_BLOCKS = YES;
				GCC_WARN_64_TO_32_BIT_CONVERSION = YES;
				GCC_WARN_ABOUT_RETURN_TYPE = YES_ERROR;
				GCC_WARN_UNDECLARED_SELECTOR = YES;
				GCC_WARN_UNINITIALIZED_AUTOS = YES_AGGRESSIVE;
				GCC_WARN_UNUSED_FUNCTION = YES;
				GCC_WARN_UNUSED_VARIABLE = YES;
				IPHONEOS_DEPLOYMENT_TARGET = 15.0;
				MTL_ENABLE_DEBUG_INFO = NO;
				MTL_FAST_MATH = YES;
				SDKROOT = iphoneos;
				SWIFT_COMPILATION_MODE = wholemodule;
				SWIFT_OPTIMIZATION_LEVEL = "-O";
				VALIDATE_PRODUCT = YES;
			};
			name = Release;
		};
		1132B4D722C633D600E7E509 /* Debug */ = {
			isa = XCBuildConfiguration;
			baseConfigurationReference = A6C1899E6AC1E823D0833AED /* Pods-yolo_tcar.debug.xcconfig */;
			buildSettings = {
				ASSETCATALOG_COMPILER_APPICON_NAME = AppIcon;
				CODE_SIGN_ENTITLEMENTS = yolo_tcar/yolo_tcar.entitlements;
				CODE_SIGN_STYLE = Automatic;
				DEVELOPMENT_TEAM = JH6X85KXSY;
				INFOPLIST_FILE = yolo_tcar/Info.plist;
				LD_RUNPATH_SEARCH_PATHS = (
					"$(inherited)",
					"@executable_path/Frameworks",
				);
				PRODUCT_BUNDLE_IDENTIFIER = dimaKush.yolov4;
				PRODUCT_NAME = "$(TARGET_NAME)";
				SWIFT_VERSION = 5.0;
				TARGETED_DEVICE_FAMILY = "1,2";
			};
			name = Debug;
		};
		1132B4D822C633D600E7E509 /* Release */ = {
			isa = XCBuildConfiguration;
			baseConfigurationReference = 5E9B8FBACEF9C8433C68447F /* Pods-yolo_tcar.release.xcconfig */;
			buildSettings = {
				ASSETCATALOG_COMPILER_APPICON_NAME = AppIcon;
				CODE_SIGN_ENTITLEMENTS = yolo_tcar/yolo_tcar.entitlements;
				CODE_SIGN_STYLE = Automatic;
				DEVELOPMENT_TEAM = JH6X85KXSY;
				INFOPLIST_FILE = yolo_tcar/Info.plist;
				LD_RUNPATH_SEARCH_PATHS = (
					"$(inherited)",
					"@executable_path/Frameworks",
				);
				PRODUCT_BUNDLE_IDENTIFIER = dimaKush.yolov4;
				PRODUCT_NAME = "$(TARGET_NAME)";
				SWIFT_VERSION = 5.0;
				TARGETED_DEVICE_FAMILY = "1,2";
			};
			name = Release;
		};
/* End XCBuildConfiguration section */

/* Begin XCConfigurationList section */
		1132B4BF22C633D400E7E509 /* Build configuration list for PBXProject "yolo_tcar" */ = {
			isa = XCConfigurationList;
			buildConfigurations = (
				1132B4D422C633D600E7E509 /* Debug */,
				1132B4D522C633D600E7E509 /* Release */,
			);
			defaultConfigurationIsVisible = 0;
			defaultConfigurationName = Release;
		};
		1132B4D622C633D600E7E509 /* Build configuration list for PBXNativeTarget "yolo_tcar" */ = {
			isa = XCConfigurationList;
			buildConfigurations = (
				1132B4D722C633D600E7E509 /* Debug */,
				1132B4D822C633D600E7E509 /* Release */,
			);
			defaultConfigurationIsVisible = 0;
			defaultConfigurationName = Release;
		};
/* End XCConfigurationList section */
	};
	rootObject = 1132B4BC22C633D400E7E509 /* Project object */;
}
